
Microsoft Visual Studio Solution File, Format Version 12.00
# Visual Studio 14
VisualStudioVersion = 14.0.22823.1
MinimumVisualStudioVersion = 10.0.40219.1
Project("{FAE04EC0-301F-11D3-BF4B-00C04F79EFBC}") = "HelloWorld", "HelloWorld\HelloWorld.csproj", "{66E8D435-C29F-445F-BA25-E9728E5EC79A}"
EndProject
Project("{FAE04EC0-301F-11D3-BF4B-00C04F79EFBC}") = "RGBLED", "RGBLED\RGBLED.csproj", "{36CA73CE-04F3-4DFA-999F-0EBC41B96D43}"
EndProject
Project("{FAE04EC0-301F-11D3-BF4B-00C04F79EFBC}") = "BlinkyLED", "BlinkyLED\BlinkyLED.csproj", "{35CA542E-3C87-49A2-92C4-C7CD6F750F49}"
EndProject
Project("{FAE04EC0-301F-11D3-BF4B-00C04F79EFBC}") = "ShiftRegister", "ShiftRegister\ShiftRegister.csproj", "{B6511169-D560-45A1-85BA-3FB29CB0B872}"
EndProject
Global
	GlobalSection(SolutionConfigurationPlatforms) = preSolution
		Debug|ARM = Debug|ARM
		Debug|x64 = Debug|x64
		Debug|x86 = Debug|x86
		Release|ARM = Release|ARM
		Release|x64 = Release|x64
		Release|x86 = Release|x86
	EndGlobalSection
	GlobalSection(ProjectConfigurationPlatforms) = postSolution
		{66E8D435-C29F-445F-BA25-E9728E5EC79A}.Debug|ARM.ActiveCfg = Debug|ARM
		{66E8D435-C29F-445F-BA25-E9728E5EC79A}.Debug|ARM.Build.0 = Debug|ARM
		{66E8D435-C29F-445F-BA25-E9728E5EC79A}.Debug|ARM.Deploy.0 = Debug|ARM
		{66E8D435-C29F-445F-BA25-E9728E5EC79A}.Debug|x64.ActiveCfg = Debug|x64
		{66E8D435-C29F-445F-BA25-E9728E5EC79A}.Debug|x64.Build.0 = Debug|x64
		{66E8D435-C29F-445F-BA25-E9728E5EC79A}.Debug|x64.Deploy.0 = Debug|x64
		{66E8D435-C29F-445F-BA25-E9728E5EC79A}.Debug|x86.ActiveCfg = Debug|x86
		{66E8D435-C29F-445F-BA25-E9728E5EC79A}.Debug|x86.Build.0 = Debug|x86
		{66E8D435-C29F-445F-BA25-E9728E5EC79A}.Debug|x86.Deploy.0 = Debug|x86
		{66E8D435-C29F-445F-BA25-E9728E5EC79A}.Release|ARM.ActiveCfg = Release|ARM
		{66E8D435-C29F-445F-BA25-E9728E5EC79A}.Release|ARM.Build.0 = Release|ARM
		{66E8D435-C29F-445F-BA25-E9728E5EC79A}.Release|ARM.Deploy.0 = Release|ARM
		{66E8D435-C29F-445F-BA25-E9728E5EC79A}.Release|x64.ActiveCfg = Release|x64
		{66E8D435-C29F-445F-BA25-E9728E5EC79A}.Release|x64.Build.0 = Release|x64
		{66E8D435-C29F-445F-BA25-E9728E5EC79A}.Release|x64.Deploy.0 = Release|x64
		{66E8D435-C29F-445F-BA25-E9728E5EC79A}.Release|x86.ActiveCfg = Release|x86
		{66E8D435-C29F-445F-BA25-E9728E5EC79A}.Release|x86.Build.0 = Release|x86
		{66E8D435-C29F-445F-BA25-E9728E5EC79A}.Release|x86.Deploy.0 = Release|x86
		{36CA73CE-04F3-4DFA-999F-0EBC41B96D43}.Debug|ARM.ActiveCfg = Debug|ARM
		{36CA73CE-04F3-4DFA-999F-0EBC41B96D43}.Debug|ARM.Build.0 = Debug|ARM
		{36CA73CE-04F3-4DFA-999F-0EBC41B96D43}.Debug|ARM.Deploy.0 = Debug|ARM
		{36CA73CE-04F3-4DFA-999F-0EBC41B96D43}.Debug|x64.ActiveCfg = Debug|x64
		{36CA73CE-04F3-4DFA-999F-0EBC41B96D43}.Debug|x64.Build.0 = Debug|x64
		{36CA73CE-04F3-4DFA-999F-0EBC41B96D43}.Debug|x64.Deploy.0 = Debug|x64
		{36CA73CE-04F3-4DFA-999F-0EBC41B96D43}.Debug|x86.ActiveCfg = Debug|x86
		{36CA73CE-04F3-4DFA-999F-0EBC41B96D43}.Debug|x86.Build.0 = Debug|x86
		{36CA73CE-04F3-4DFA-999F-0EBC41B96D43}.Debug|x86.Deploy.0 = Debug|x86
		{36CA73CE-04F3-4DFA-999F-0EBC41B96D43}.Release|ARM.ActiveCfg = Release|ARM
		{36CA73CE-04F3-4DFA-999F-0EBC41B96D43}.Release|ARM.Build.0 = Release|ARM
		{36CA73CE-04F3-4DFA-999F-0EBC41B96D43}.Release|ARM.Deploy.0 = Release|ARM
		{36CA73CE-04F3-4DFA-999F-0EBC41B96D43}.Release|x64.ActiveCfg = Release|x64
		{36CA73CE-04F3-4DFA-999F-0EBC41B96D43}.Release|x64.Build.0 = Release|x64
		{36CA73CE-04F3-4DFA-999F-0EBC41B96D43}.Release|x64.Deploy.0 = Release|x64
		{36CA73CE-04F3-4DFA-999F-0EBC41B96D43}.Release|x86.ActiveCfg = Release|x86
		{36CA73CE-04F3-4DFA-999F-0EBC41B96D43}.Release|x86.Build.0 = Release|x86
		{36CA73CE-04F3-4DFA-999F-0EBC41B96D43}.Release|x86.Deploy.0 = Release|x86
		{35CA542E-3C87-49A2-92C4-C7CD6F750F49}.Debug|ARM.ActiveCfg = Debug|ARM
		{35CA542E-3C87-49A2-92C4-C7CD6F750F49}.Debug|ARM.Build.0 = Debug|ARM
		{35CA542E-3C87-49A2-92C4-C7CD6F750F49}.Debug|ARM.Deploy.0 = Debug|ARM
		{35CA542E-3C87-49A2-92C4-C7CD6F750F49}.Debug|x64.ActiveCfg = Debug|x64
		{35CA542E-3C87-49A2-92C4-C7CD6F750F49}.Debug|x64.Build.0 = Debug|x64
		{35CA542E-3C87-49A2-92C4-C7CD6F750F49}.Debug|x64.Deploy.0 = Debug|x64
		{35CA542E-3C87-49A2-92C4-C7CD6F750F49}.Debug|x86.ActiveCfg = Debug|x86
		{35CA542E-3C87-49A2-92C4-C7CD6F750F49}.Debug|x86.Build.0 = Debug|x86
		{35CA542E-3C87-49A2-92C4-C7CD6F750F49}.Debug|x86.Deploy.0 = Debug|x86
		{35CA542E-3C87-49A2-92C4-C7CD6F750F49}.Release|ARM.ActiveCfg = Release|ARM
		{35CA542E-3C87-49A2-92C4-C7CD6F750F49}.Release|ARM.Build.0 = Release|ARM
		{35CA542E-3C87-49A2-92C4-C7CD6F750F49}.Release|ARM.Deploy.0 = Release|ARM
		{35CA542E-3C87-49A2-92C4-C7CD6F750F49}.Release|x64.ActiveCfg = Release|x64
		{35CA542E-3C87-49A2-92C4-C7CD6F750F49}.Release|x64.Build.0 = Release|x64
		{35CA542E-3C87-49A2-92C4-C7CD6F750F49}.Release|x64.Deploy.0 = Release|x64
		{35CA542E-3C87-49A2-92C4-C7CD6F750F49}.Release|x86.ActiveCfg = Release|x86
		{35CA542E-3C87-49A2-92C4-C7CD6F750F49}.Release|x86.Build.0 = Release|x86
		{35CA542E-3C87-49A2-92C4-C7CD6F750F49}.Release|x86.Deploy.0 = Release|x86
		{B6511169-D560-45A1-85BA-3FB29CB0B872}.Debug|ARM.ActiveCfg = Debug|ARM
		{B6511169-D560-45A1-85BA-3FB29CB0B872}.Debug|ARM.Build.0 = Debug|ARM
		{B6511169-D560-45A1-85BA-3FB29CB0B872}.Debug|ARM.Deploy.0 = Debug|ARM
		{B6511169-D560-45A1-85BA-3FB29CB0B872}.Debug|x64.ActiveCfg = Debug|x64
		{B6511169-D560-45A1-85BA-3FB29CB0B872}.Debug|x64.Build.0 = Debug|x64
		{B6511169-D560-45A1-85BA-3FB29CB0B872}.Debug|x64.Deploy.0 = Debug|x64
		{B6511169-D560-45A1-85BA-3FB29CB0B872}.Debug|x86.ActiveCfg = Debug|x86
		{B6511169-D560-45A1-85BA-3FB29CB0B872}.Debug|x86.Build.0 = Debug|x86
		{B6511169-D560-45A1-85BA-3FB29CB0B872}.Debug|x86.Deploy.0 = Debug|x86
		{B6511169-D560-45A1-85BA-3FB29CB0B872}.Release|ARM.ActiveCfg = Release|ARM
		{B6511169-D560-45A1-85BA-3FB29CB0B872}.Release|ARM.Build.0 = Release|ARM
		{B6511169-D560-45A1-85BA-3FB29CB0B872}.Release|ARM.Deploy.0 = Release|ARM
		{B6511169-D560-45A1-85BA-3FB29CB0B872}.Release|x64.ActiveCfg = Release|x64
		{B6511169-D560-45A1-85BA-3FB29CB0B872}.Release|x64.Build.0 = Release|x64
		{B6511169-D560-45A1-85BA-3FB29CB0B872}.Release|x64.Deploy.0 = Release|x64
		{B6511169-D560-45A1-85BA-3FB29CB0B872}.Release|x86.ActiveCfg = Release|x86
		{B6511169-D560-45A1-85BA-3FB29CB0B872}.Release|x86.Build.0 = Release|x86
		{B6511169-D560-45A1-85BA-3FB29CB0B872}.Release|x86.Deploy.0 = Release|x86
	EndGlobalSection
	GlobalSection(SolutionProperties) = preSolution
		HideSolutionNode = FALSE
	EndGlobalSection
EndGlobal
